// !$*UTF8*$!
{
	archiveVersion = 1;
	classes = {
	};
	objectVersion = 55;
	objects = {

/* Begin PBXBuildFile section */
		501C0613293FC496007BBEC2 /* Sound.caf in Resources */ = {isa = PBXBuildFile; fileRef = 501C0612293FC496007BBEC2 /* Sound.caf */; };
		50322DEF2935016200306B4D /* AppDelegate.swift in Sources */ = {isa = PBXBuildFile; fileRef = 50322DEE2935016200306B4D /* AppDelegate.swift */; };
		50322DF12935016200306B4D /* SceneDelegate.swift in Sources */ = {isa = PBXBuildFile; fileRef = 50322DF02935016200306B4D /* SceneDelegate.swift */; };
		50322DF32935016200306B4D /* CurrentLocationViewController.swift in Sources */ = {isa = PBXBuildFile; fileRef = 50322DF22935016200306B4D /* CurrentLocationViewController.swift */; };
		50322DF62935016200306B4D /* Main.storyboard in Resources */ = {isa = PBXBuildFile; fileRef = 50322DF42935016200306B4D /* Main.storyboard */; };
		50322DF92935016200306B4D /* Locations.xcdatamodeld in Sources */ = {isa = PBXBuildFile; fileRef = 50322DF72935016200306B4D /* Locations.xcdatamodeld */; };
		50322DFB2935016500306B4D /* Assets.xcassets in Resources */ = {isa = PBXBuildFile; fileRef = 50322DFA2935016500306B4D /* Assets.xcassets */; };
		50322DFE2935016500306B4D /* LaunchScreen.storyboard in Resources */ = {isa = PBXBuildFile; fileRef = 50322DFC2935016500306B4D /* LaunchScreen.storyboard */; };
		5063D7ED293E674500F817C6 /* UIImage+Resize.swift in Sources */ = {isa = PBXBuildFile; fileRef = 5063D7EC293E674500F817C6 /* UIImage+Resize.swift */; };
		5063D7EF293F6AB000F817C6 /* String+AddText.swift in Sources */ = {isa = PBXBuildFile; fileRef = 5063D7EE293F6AB000F817C6 /* String+AddText.swift */; };
		50C290FE2938E5B60037E92C /* CategoryPickerViewController.swift in Sources */ = {isa = PBXBuildFile; fileRef = 50C290FD2938E5B60037E92C /* CategoryPickerViewController.swift */; };
		50C2910029391C520037E92C /* HudView.swift in Sources */ = {isa = PBXBuildFile; fileRef = 50C290FF29391C520037E92C /* HudView.swift */; };
		50C29102293936C30037E92C /* Functions.swift in Sources */ = {isa = PBXBuildFile; fileRef = 50C29101293936C30037E92C /* Functions.swift */; };
		50C291092939EBE20037E92C /* Location+CoreDataClass.swift in Sources */ = {isa = PBXBuildFile; fileRef = 50C291072939EBE20037E92C /* Location+CoreDataClass.swift */; };
		50C2910A2939EBE20037E92C /* Location+CoreDataProperties.swift in Sources */ = {isa = PBXBuildFile; fileRef = 50C291082939EBE20037E92C /* Location+CoreDataProperties.swift */; };
		50C2910C293B9A1D0037E92C /* LocationsViewController.swift in Sources */ = {isa = PBXBuildFile; fileRef = 50C2910B293B9A1D0037E92C /* LocationsViewController.swift */; };
		50C2910E293BA4A00037E92C /* LocationCell.swift in Sources */ = {isa = PBXBuildFile; fileRef = 50C2910D293BA4A00037E92C /* LocationCell.swift */; };
		50C29110293CBCCA0037E92C /* MapViewController.swift in Sources */ = {isa = PBXBuildFile; fileRef = 50C2910F293CBCCA0037E92C /* MapViewController.swift */; };
		50E256A12937CF9D0056C07A /* LocationDetailViewController.swift in Sources */ = {isa = PBXBuildFile; fileRef = 50E256A02937CF9D0056C07A /* LocationDetailViewController.swift */; };
/* End PBXBuildFile section */

/* Begin PBXFileReference section */
		501C0612293FC496007BBEC2 /* Sound.caf */ = {isa = PBXFileReference; lastKnownFileType = file; path = Sound.caf; sourceTree = "<group>"; };
		50322DEB2935016200306B4D /* Locations.app */ = {isa = PBXFileReference; explicitFileType = wrapper.application; includeInIndex = 0; path = Locations.app; sourceTree = BUILT_PRODUCTS_DIR; };
		50322DEE2935016200306B4D /* AppDelegate.swift */ = {isa = PBXFileReference; lastKnownFileType = sourcecode.swift; path = AppDelegate.swift; sourceTree = "<group>"; };
		50322DF02935016200306B4D /* SceneDelegate.swift */ = {isa = PBXFileReference; lastKnownFileType = sourcecode.swift; path = SceneDelegate.swift; sourceTree = "<group>"; };
		50322DF22935016200306B4D /* CurrentLocationViewController.swift */ = {isa = PBXFileReference; lastKnownFileType = sourcecode.swift; path = CurrentLocationViewController.swift; sourceTree = "<group>"; };
		50322DF52935016200306B4D /* Base */ = {isa = PBXFileReference; lastKnownFileType = file.storyboard; name = Base; path = Base.lproj/Main.storyboard; sourceTree = "<group>"; };
		50322DF82935016200306B4D /* Locations.xcdatamodel */ = {isa = PBXFileReference; lastKnownFileType = wrapper.xcdatamodel; path = Locations.xcdatamodel; sourceTree = "<group>"; };
		50322DFA2935016500306B4D /* Assets.xcassets */ = {isa = PBXFileReference; lastKnownFileType = folder.assetcatalog; path = Assets.xcassets; sourceTree = "<group>"; };
		50322DFD2935016500306B4D /* Base */ = {isa = PBXFileReference; lastKnownFileType = file.storyboard; name = Base; path = Base.lproj/LaunchScreen.storyboard; sourceTree = "<group>"; };
		50322DFF2935016500306B4D /* Info.plist */ = {isa = PBXFileReference; lastKnownFileType = text.plist.xml; path = Info.plist; sourceTree = "<group>"; };
		5063D7EC293E674500F817C6 /* UIImage+Resize.swift */ = {isa = PBXFileReference; lastKnownFileType = sourcecode.swift; path = "UIImage+Resize.swift"; sourceTree = "<group>"; };
		5063D7EE293F6AB000F817C6 /* String+AddText.swift */ = {isa = PBXFileReference; lastKnownFileType = sourcecode.swift; path = "String+AddText.swift"; sourceTree = "<group>"; };
		50C290FD2938E5B60037E92C /* CategoryPickerViewController.swift */ = {isa = PBXFileReference; lastKnownFileType = sourcecode.swift; path = CategoryPickerViewController.swift; sourceTree = "<group>"; };
		50C290FF29391C520037E92C /* HudView.swift */ = {isa = PBXFileReference; lastKnownFileType = sourcecode.swift; path = HudView.swift; sourceTree = "<group>"; };
		50C29101293936C30037E92C /* Functions.swift */ = {isa = PBXFileReference; lastKnownFileType = sourcecode.swift; path = Functions.swift; sourceTree = "<group>"; };
		50C291072939EBE20037E92C /* Location+CoreDataClass.swift */ = {isa = PBXFileReference; lastKnownFileType = sourcecode.swift; name = "Location+CoreDataClass.swift"; path = "Locations/Location+CoreDataClass.swift"; sourceTree = "<group>"; };
		50C291082939EBE20037E92C /* Location+CoreDataProperties.swift */ = {isa = PBXFileReference; lastKnownFileType = sourcecode.swift; name = "Location+CoreDataProperties.swift"; path = "Locations/Location+CoreDataProperties.swift"; sourceTree = "<group>"; };
		50C2910B293B9A1D0037E92C /* LocationsViewController.swift */ = {isa = PBXFileReference; lastKnownFileType = sourcecode.swift; path = LocationsViewController.swift; sourceTree = "<group>"; };
		50C2910D293BA4A00037E92C /* LocationCell.swift */ = {isa = PBXFileReference; lastKnownFileType = sourcecode.swift; path = LocationCell.swift; sourceTree = "<group>"; };
		50C2910F293CBCCA0037E92C /* MapViewController.swift */ = {isa = PBXFileReference; lastKnownFileType = sourcecode.swift; path = MapViewController.swift; sourceTree = "<group>"; };
		50E256A02937CF9D0056C07A /* LocationDetailViewController.swift */ = {isa = PBXFileReference; lastKnownFileType = sourcecode.swift; path = LocationDetailViewController.swift; sourceTree = "<group>"; };
/* End PBXFileReference section */

/* Begin PBXFrameworksBuildPhase section */
		50322DE82935016200306B4D /* Frameworks */ = {
			isa = PBXFrameworksBuildPhase;
			buildActionMask = 2147483647;
			files = (
			);
			runOnlyForDeploymentPostprocessing = 0;
		};
/* End PBXFrameworksBuildPhase section */

/* Begin PBXGroup section */
		50322DE22935016200306B4D = {
			isa = PBXGroup;
			children = (
				501C0612293FC496007BBEC2 /* Sound.caf */,
				50C291072939EBE20037E92C /* Location+CoreDataClass.swift */,
				50C291082939EBE20037E92C /* Location+CoreDataProperties.swift */,
				50322DED2935016200306B4D /* Locations */,
				50322DEC2935016200306B4D /* Products */,
			);
			sourceTree = "<group>";
		};
		50322DEC2935016200306B4D /* Products */ = {
			isa = PBXGroup;
			children = (
				50322DEB2935016200306B4D /* Locations.app */,
			);
			name = Products;
			sourceTree = "<group>";
		};
		50322DED2935016200306B4D /* Locations */ = {
			isa = PBXGroup;
			children = (
				50322DEE2935016200306B4D /* AppDelegate.swift */,
				50322DF02935016200306B4D /* SceneDelegate.swift */,
				50322DF22935016200306B4D /* CurrentLocationViewController.swift */,
				50322DF42935016200306B4D /* Main.storyboard */,
				50322DFA2935016500306B4D /* Assets.xcassets */,
				50322DFC2935016500306B4D /* LaunchScreen.storyboard */,
				50322DFF2935016500306B4D /* Info.plist */,
				50322DF72935016200306B4D /* Locations.xcdatamodeld */,
				50E256A02937CF9D0056C07A /* LocationDetailViewController.swift */,
				50C290FD2938E5B60037E92C /* CategoryPickerViewController.swift */,
				50C290FF29391C520037E92C /* HudView.swift */,
				50C29101293936C30037E92C /* Functions.swift */,
				50C2910B293B9A1D0037E92C /* LocationsViewController.swift */,
				50C2910F293CBCCA0037E92C /* MapViewController.swift */,
				50C2910D293BA4A00037E92C /* LocationCell.swift */,
				5063D7EC293E674500F817C6 /* UIImage+Resize.swift */,
				5063D7EE293F6AB000F817C6 /* String+AddText.swift */,
			);
			path = Locations;
			sourceTree = "<group>";
		};
/* End PBXGroup section */

/* Begin PBXNativeTarget section */
		50322DEA2935016200306B4D /* Locations */ = {
			isa = PBXNativeTarget;
			buildConfigurationList = 50322E022935016500306B4D /* Build configuration list for PBXNativeTarget "Locations" */;
			buildPhases = (
				50322DE72935016200306B4D /* Sources */,
				50322DE82935016200306B4D /* Frameworks */,
				50322DE92935016200306B4D /* Resources */,
			);
			buildRules = (
			);
			dependencies = (
			);
			name = Locations;
			productName = Locations;
			productReference = 50322DEB2935016200306B4D /* Locations.app */;
			productType = "com.apple.product-type.application";
		};
/* End PBXNativeTarget section */

/* Begin PBXProject section */
		50322DE32935016200306B4D /* Project object */ = {
			isa = PBXProject;
			attributes = {
				BuildIndependentTargetsInParallel = 1;
				LastSwiftUpdateCheck = 1340;
				LastUpgradeCheck = 1340;
				TargetAttributes = {
					50322DEA2935016200306B4D = {
						CreatedOnToolsVersion = 13.4.1;
					};
				};
			};
			buildConfigurationList = 50322DE62935016200306B4D /* Build configuration list for PBXProject "Locations" */;
			compatibilityVersion = "Xcode 13.0";
			developmentRegion = en;
			hasScannedForEncodings = 0;
			knownRegions = (
				en,
				Base,
			);
			mainGroup = 50322DE22935016200306B4D;
			productRefGroup = 50322DEC2935016200306B4D /* Products */;
			projectDirPath = "";
			projectRoot = "";
			targets = (
				50322DEA2935016200306B4D /* Locations */,
			);
		};
/* End PBXProject section */

/* Begin PBXResourcesBuildPhase section */
		50322DE92935016200306B4D /* Resources */ = {
			isa = PBXResourcesBuildPhase;
			buildActionMask = 2147483647;
			files = (
				50322DFE2935016500306B4D /* LaunchScreen.storyboard in Resources */,
				50322DFB2935016500306B4D /* Assets.xcassets in Resources */,
				501C0613293FC496007BBEC2 /* Sound.caf in Resources */,
				50322DF62935016200306B4D /* Main.storyboard in Resources */,
			);
			runOnlyForDeploymentPostprocessing = 0;
		};
/* End PBXResourcesBuildPhase section */

/* Begin PBXSourcesBuildPhase section */
		50322DE72935016200306B4D /* Sources */ = {
			isa = PBXSourcesBuildPhase;
			buildActionMask = 2147483647;
			files = (
				50C290FE2938E5B60037E92C /* CategoryPickerViewController.swift in Sources */,
				50322DF32935016200306B4D /* CurrentLocationViewController.swift in Sources */,
				50322DEF2935016200306B4D /* AppDelegate.swift in Sources */,
				50C29102293936C30037E92C /* Functions.swift in Sources */,
				50C2910C293B9A1D0037E92C /* LocationsViewController.swift in Sources */,
				50C2910A2939EBE20037E92C /* Location+CoreDataProperties.swift in Sources */,
				50C29110293CBCCA0037E92C /* MapViewController.swift in Sources */,
				5063D7ED293E674500F817C6 /* UIImage+Resize.swift in Sources */,
				50C2910E293BA4A00037E92C /* LocationCell.swift in Sources */,
				50322DF92935016200306B4D /* Locations.xcdatamodeld in Sources */,
				50322DF12935016200306B4D /* SceneDelegate.swift in Sources */,
				50C291092939EBE20037E92C /* Location+CoreDataClass.swift in Sources */,
				5063D7EF293F6AB000F817C6 /* String+AddText.swift in Sources */,
				50C2910029391C520037E92C /* HudView.swift in Sources */,
				50E256A12937CF9D0056C07A /* LocationDetailViewController.swift in Sources */,
			);
			runOnlyForDeploymentPostprocessing = 0;
		};
/* End PBXSourcesBuildPhase section */

/* Begin PBXVariantGroup section */
		50322DF42935016200306B4D /* Main.storyboard */ = {
			isa = PBXVariantGroup;
			children = (
				50322DF52935016200306B4D /* Base */,
			);
			name = Main.storyboard;
			sourceTree = "<group>";
		};
		50322DFC2935016500306B4D /* LaunchScreen.storyboard */ = {
			isa = PBXVariantGroup;
			children = (
				50322DFD2935016500306B4D /* Base */,
			);
			name = LaunchScreen.storyboard;
			sourceTree = "<group>";
		};
/* End PBXVariantGroup section */

/* Begin XCBuildConfiguration section */
		50322E002935016500306B4D /* Debug */ = {
			isa = XCBuildConfiguration;
			buildSettings = {
				ALWAYS_SEARCH_USER_PATHS = NO;
				CLANG_ANALYZER_NONNULL = YES;
				CLANG_ANALYZER_NUMBER_OBJECT_CONVERSION = YES_AGGRESSIVE;
				CLANG_CXX_LANGUAGE_STANDARD = "gnu++17";
				CLANG_ENABLE_MODULES = YES;
				CLANG_ENABLE_OBJC_ARC = YES;
				CLANG_ENABLE_OBJC_WEAK = YES;
				CLANG_WARN_BLOCK_CAPTURE_AUTORELEASING = YES;
				CLANG_WARN_BOOL_CONVERSION = YES;
				CLANG_WARN_COMMA = YES;
				CLANG_WARN_CONSTANT_CONVERSION = YES;
				CLANG_WARN_DEPRECATED_OBJC_IMPLEMENTATIONS = YES;
				CLANG_WARN_DIRECT_OBJC_ISA_USAGE = YES_ERROR;
				CLANG_WARN_DOCUMENTATION_COMMENTS = YES;
				CLANG_WARN_EMPTY_BODY = YES;
				CLANG_WARN_ENUM_CONVERSION = YES;
				CLANG_WARN_INFINITE_RECURSION = YES;
				CLANG_WARN_INT_CONVERSION = YES;
				CLANG_WARN_NON_LITERAL_NULL_CONVERSION = YES;
				CLANG_WARN_OBJC_IMPLICIT_RETAIN_SELF = YES;
				CLANG_WARN_OBJC_LITERAL_CONVERSION = YES;
				CLANG_WARN_OBJC_ROOT_CLASS = YES_ERROR;
				CLANG_WARN_QUOTED_INCLUDE_IN_FRAMEWORK_HEADER = YES;
				CLANG_WARN_RANGE_LOOP_ANALYSIS = YES;
				CLANG_WARN_STRICT_PROTOTYPES = YES;
				CLANG_WARN_SUSPICIOUS_MOVE = YES;
				CLANG_WARN_UNGUARDED_AVAILABILITY = YES_AGGRESSIVE;
				CLANG_WARN_UNREACHABLE_CODE = YES;
				CLANG_WARN__DUPLICATE_METHOD_MATCH = YES;
				COPY_PHASE_STRIP = NO;
				DEBUG_INFORMATION_FORMAT = dwarf;
				ENABLE_STRICT_OBJC_MSGSEND = YES;
				ENABLE_TESTABILITY = YES;
				GCC_C_LANGUAGE_STANDARD = gnu11;
				GCC_DYNAMIC_NO_PIC = NO;
				GCC_NO_COMMON_BLOCKS = YES;
				GCC_OPTIMIZATION_LEVEL = 0;
				GCC_PREPROCESSOR_DEFINITIONS = (
					"DEBUG=1",
					"$(inherited)",
				);
				GCC_WARN_64_TO_32_BIT_CONVERSION = YES;
				GCC_WARN_ABOUT_RETURN_TYPE = YES_ERROR;
				GCC_WARN_UNDECLARED_SELECTOR = YES;
				GCC_WARN_UNINITIALIZED_AUTOS = YES_AGGRESSIVE;
				GCC_WARN_UNUSED_FUNCTION = YES;
				GCC_WARN_UNUSED_VARIABLE = YES;
				IPHONEOS_DEPLOYMENT_TARGET = 15.5;
				MTL_ENABLE_DEBUG_INFO = INCLUDE_SOURCE;
				MTL_FAST_MATH = YES;
				ONLY_ACTIVE_ARCH = YES;
				SDKROOT = iphoneos;
				SWIFT_ACTIVE_COMPILATION_CONDITIONS = DEBUG;
				SWIFT_OPTIMIZATION_LEVEL = "-Onone";
			};
			name = Debug;
		};
		50322E012935016500306B4D /* Release */ = {
			isa = XCBuildConfiguration;
			buildSettings = {
				ALWAYS_SEARCH_USER_PATHS = NO;
				CLANG_ANALYZER_NONNULL = YES;
				CLANG_ANALYZER_NUMBER_OBJECT_CONVERSION = YES_AGGRESSIVE;
				CLANG_CXX_LANGUAGE_STANDARD = "gnu++17";
				CLANG_ENABLE_MODULES = YES;
				CLANG_ENABLE_OBJC_ARC = YES;
				CLANG_ENABLE_OBJC_WEAK = YES;
				CLANG_WARN_BLOCK_CAPTURE_AUTORELEASING = YES;
				CLANG_WARN_BOOL_CONVERSION = YES;
				CLANG_WARN_COMMA = YES;
				CLANG_WARN_CONSTANT_CONVERSION = YES;
				CLANG_WARN_DEPRECATED_OBJC_IMPLEMENTATIONS = YES;
				CLANG_WARN_DIRECT_OBJC_ISA_USAGE = YES_ERROR;
				CLANG_WARN_DOCUMENTATION_COMMENTS = YES;
				CLANG_WARN_EMPTY_BODY = YES;
				CLANG_WARN_ENUM_CONVERSION = YES;
				CLANG_WARN_INFINITE_RECURSION = YES;
				CLANG_WARN_INT_CONVERSION = YES;
				CLANG_WARN_NON_LITERAL_NULL_CONVERSION = YES;
				CLANG_WARN_OBJC_IMPLICIT_RETAIN_SELF = YES;
				CLANG_WARN_OBJC_LITERAL_CONVERSION = YES;
				CLANG_WARN_OBJC_ROOT_CLASS = YES_ERROR;
				CLANG_WARN_QUOTED_INCLUDE_IN_FRAMEWORK_HEADER = YES;
				CLANG_WARN_RANGE_LOOP_ANALYSIS = YES;
				CLANG_WARN_STRICT_PROTOTYPES = YES;
				CLANG_WARN_SUSPICIOUS_MOVE = YES;
				CLANG_WARN_UNGUARDED_AVAILABILITY = YES_AGGRESSIVE;
				CLANG_WARN_UNREACHABLE_CODE = YES;
				CLANG_WARN__DUPLICATE_METHOD_MATCH = YES;
				COPY_PHASE_STRIP = NO;
				DEBUG_INFORMATION_FORMAT = "dwarf-with-dsym";
				ENABLE_NS_ASSERTIONS = NO;
				ENABLE_STRICT_OBJC_MSGSEND = YES;
				GCC_C_LANGUAGE_STANDARD = gnu11;
				GCC_NO_COMMON_BLOCKS = YES;
				GCC_WARN_64_TO_32_BIT_CONVERSION = YES;
				GCC_WARN_ABOUT_RETURN_TYPE = YES_ERROR;
				GCC_WARN_UNDECLARED_SELECTOR = YES;
				GCC_WARN_UNINITIALIZED_AUTOS = YES_AGGRESSIVE;
				GCC_WARN_UNUSED_FUNCTION = YES;
				GCC_WARN_UNUSED_VARIABLE = YES;
				IPHONEOS_DEPLOYMENT_TARGET = 15.5;
				MTL_ENABLE_DEBUG_INFO = NO;
				MTL_FAST_MATH = YES;
				SDKROOT = iphoneos;
				SWIFT_COMPILATION_MODE = wholemodule;
				SWIFT_OPTIMIZATION_LEVEL = "-O";
				VALIDATE_PRODUCT = YES;
			};
			name = Release;
		};
		50322E032935016500306B4D /* Debug */ = {
			isa = XCBuildConfiguration;
			buildSettings = {
				ASSETCATALOG_COMPILER_APPICON_NAME = AppIcon;
				ASSETCATALOG_COMPILER_GLOBAL_ACCENT_COLOR_NAME = AccentColor;
				CODE_SIGN_STYLE = Automatic;
				CURRENT_PROJECT_VERSION = 1;
				DEVELOPMENT_TEAM = XY6SZA6T93;
				GENERATE_INFOPLIST_FILE = YES;
				INFOPLIST_FILE = Locations/Info.plist;
				INFOPLIST_KEY_NSCameraUsageDescription = "Add photos to your location";
				INFOPLIST_KEY_NSLocationWhenInUseUsageDescription = "This app lets you keep track of interesting places. It needs access to the GPS coordinates for your location.";
				INFOPLIST_KEY_NSPhotoLibraryUsageDescription = "Add photos to your location";
				INFOPLIST_KEY_UIApplicationSupportsIndirectInputEvents = YES;
				INFOPLIST_KEY_UILaunchStoryboardName = LaunchScreen;
				INFOPLIST_KEY_UIMainStoryboardFile = Main;
				INFOPLIST_KEY_UIRequiredDeviceCapabilities = "location-services";
				INFOPLIST_KEY_UISupportedInterfaceOrientations = "UIInterfaceOrientationPortrait UIInterfaceOrientationPortraitUpsideDown";
				INFOPLIST_KEY_UISupportedInterfaceOrientations_iPad = "UIInterfaceOrientationPortrait UIInterfaceOrientationPortraitUpsideDown UIInterfaceOrientationLandscapeLeft UIInterfaceOrientationLandscapeRight";
				INFOPLIST_KEY_UISupportedInterfaceOrientations_iPhone = "UIInterfaceOrientationPortrait UIInterfaceOrientationLandscapeLeft UIInterfaceOrientationLandscapeRight";
				LD_RUNPATH_SEARCH_PATHS = (
					"$(inherited)",
					"@executable_path/Frameworks",
				);
				MARKETING_VERSION = 1.0;
				PRODUCT_BUNDLE_IDENTIFIER = "com.gimpastrike-gmail.Locations";
				PRODUCT_NAME = "$(TARGET_NAME)";
				SWIFT_EMIT_LOC_STRINGS = YES;
				SWIFT_VERSION = 5.0;
				TARGETED_DEVICE_FAMILY = "1,2";
			};
			name = Debug;
		};
		50322E042935016500306B4D /* Release */ = {
			isa = XCBuildConfiguration;
			buildSettings = {
				ASSETCATALOG_COMPILER_APPICON_NAME = AppIcon;
				ASSETCATALOG_COMPILER_GLOBAL_ACCENT_COLOR_NAME = AccentColor;
				CODE_SIGN_STYLE = Automatic;
				CURRENT_PROJECT_VERSION = 1;
				DEVELOPMENT_TEAM = XY6SZA6T93;
				GENERATE_INFOPLIST_FILE = YES;
				INFOPLIST_FILE = Locations/Info.plist;
				INFOPLIST_KEY_NSCameraUsageDescription = "Add photos to your location";
				INFOPLIST_KEY_NSLocationWhenInUseUsageDescription = "This app lets you keep track of interesting places. It needs access to the GPS coordinates for your location.";
				INFOPLIST_KEY_NSPhotoLibraryUsageDescription = "Add photos to your location";
				INFOPLIST_KEY_UIApplicationSupportsIndirectInputEvents = YES;
				INFOPLIST_KEY_UILaunchStoryboardName = LaunchScreen;
				INFOPLIST_KEY_UIMainStoryboardFile = Main;
				INFOPLIST_KEY_UIRequiredDeviceCapabilities = "location-services";
				INFOPLIST_KEY_UISupportedInterfaceOrientations = "UIInterfaceOrientationPortrait UIInterfaceOrientationPortraitUpsideDown";
				INFOPLIST_KEY_UISupportedInterfaceOrientations_iPad = "UIInterfaceOrientationPortrait UIInterfaceOrientationPortraitUpsideDown UIInterfaceOrientationLandscapeLeft UIInterfaceOrientationLandscapeRight";
				INFOPLIST_KEY_UISupportedInterfaceOrientations_iPhone = "UIInterfaceOrientationPortrait UIInterfaceOrientationLandscapeLeft UIInterfaceOrientationLandscapeRight";
				LD_RUNPATH_SEARCH_PATHS = (
					"$(inherited)",
					"@executable_path/Frameworks",
				);
				MARKETING_VERSION = 1.0;
				PRODUCT_BUNDLE_IDENTIFIER = "com.gimpastrike-gmail.Locations";
				PRODUCT_NAME = "$(TARGET_NAME)";
				SWIFT_EMIT_LOC_STRINGS = YES;
				SWIFT_VERSION = 5.0;
				TARGETED_DEVICE_FAMILY = "1,2";
			};
			name = Release;
		};
/* End XCBuildConfiguration section */

/* Begin XCConfigurationList section */
		50322DE62935016200306B4D /* Build configuration list for PBXProject "Locations" */ = {
			isa = XCConfigurationList;
			buildConfigurations = (
				50322E002935016500306B4D /* Debug */,
				50322E012935016500306B4D /* Release */,
			);
			defaultConfigurationIsVisible = 0;
			defaultConfigurationName = Release;
		};
		50322E022935016500306B4D /* Build configuration list for PBXNativeTarget "Locations" */ = {
			isa = XCConfigurationList;
			buildConfigurations = (
				50322E032935016500306B4D /* Debug */,
				50322E042935016500306B4D /* Release */,
			);
			defaultConfigurationIsVisible = 0;
			defaultConfigurationName = Release;
		};
/* End XCConfigurationList section */

/* Begin XCVersionGroup section */
		50322DF72935016200306B4D /* Locations.xcdatamodeld */ = {
			isa = XCVersionGroup;
			children = (
				50322DF82935016200306B4D /* Locations.xcdatamodel */,
			);
			currentVersion = 50322DF82935016200306B4D /* Locations.xcdatamodel */;
			path = Locations.xcdatamodeld;
			sourceTree = "<group>";
			versionGroupType = wrapper.xcdatamodel;
		};
/* End XCVersionGroup section */
	};
	rootObject = 50322DE32935016200306B4D /* Project object */;
}
